// !$*UTF8*$!
{
	archiveVersion = 1;
	classes = {
	};
	objectVersion = 46;
	objects = {

/* Begin PBXBuildFile section */
		BA85CCC81EBA4E6A0074784D /* AppDelegate.swift in Sources */ = {isa = PBXBuildFile; fileRef = BA85CCC71EBA4E6A0074784D /* AppDelegate.swift */; };
		BA85CCCD1EBA4E6A0074784D /* Main.storyboard in Resources */ = {isa = PBXBuildFile; fileRef = BA85CCCB1EBA4E6A0074784D /* Main.storyboard */; };
		BA85CCD21EBA4E6A0074784D /* LaunchScreen.storyboard in Resources */ = {isa = PBXBuildFile; fileRef = BA85CCD01EBA4E6A0074784D /* LaunchScreen.storyboard */; };
		BAE513151EC22F7C005846D7 /* UICounterControl.swift in Sources */ = {isa = PBXBuildFile; fileRef = BAE513141EC22F7C005846D7 /* UICounterControl.swift */; };
		BAE5131A1EC23051005846D7 /* ANGCalendarView.swift in Sources */ = {isa = PBXBuildFile; fileRef = BAE513171EC23051005846D7 /* ANGCalendarView.swift */; };
		BAE5131B1EC23051005846D7 /* Date+Extension.swift in Sources */ = {isa = PBXBuildFile; fileRef = BAE513181EC23051005846D7 /* Date+Extension.swift */; };
		BAE5131C1EC23051005846D7 /* DayCell.swift in Sources */ = {isa = PBXBuildFile; fileRef = BAE513191EC23051005846D7 /* DayCell.swift */; };
		BAE5131E1EC230BA005846D7 /* CommonUtils.swift in Sources */ = {isa = PBXBuildFile; fileRef = BAE5131D1EC230BA005846D7 /* CommonUtils.swift */; };
/* End PBXBuildFile section */

/* Begin PBXFileReference section */
		BA85CCC41EBA4E6A0074784D /* iSwift.app */ = {isa = PBXFileReference; explicitFileType = wrapper.application; includeInIndex = 0; path = iSwift.app; sourceTree = BUILT_PRODUCTS_DIR; };
		BA85CCC71EBA4E6A0074784D /* AppDelegate.swift */ = {isa = PBXFileReference; lastKnownFileType = sourcecode.swift; path = AppDelegate.swift; sourceTree = "<group>"; };
		BA85CCCC1EBA4E6A0074784D /* Base */ = {isa = PBXFileReference; lastKnownFileType = file.storyboard; name = Base; path = Base.lproj/Main.storyboard; sourceTree = "<group>"; };
		BA85CCD11EBA4E6A0074784D /* Base */ = {isa = PBXFileReference; lastKnownFileType = file.storyboard; name = Base; path = Base.lproj/LaunchScreen.storyboard; sourceTree = "<group>"; };
		BA85CCD31EBA4E6A0074784D /* Info.plist */ = {isa = PBXFileReference; lastKnownFileType = text.plist.xml; path = Info.plist; sourceTree = "<group>"; };
		BAE513141EC22F7C005846D7 /* UICounterControl.swift */ = {isa = PBXFileReference; fileEncoding = 4; lastKnownFileType = sourcecode.swift; name = UICounterControl.swift; path = Plugins/UICounterControl.swift; sourceTree = "<group>"; };
		BAE513171EC23051005846D7 /* ANGCalendarView.swift */ = {isa = PBXFileReference; fileEncoding = 4; lastKnownFileType = sourcecode.swift; path = ANGCalendarView.swift; sourceTree = "<group>"; };
		BAE513181EC23051005846D7 /* Date+Extension.swift */ = {isa = PBXFileReference; fileEncoding = 4; lastKnownFileType = sourcecode.swift; path = "Date+Extension.swift"; sourceTree = "<group>"; };
		BAE513191EC23051005846D7 /* DayCell.swift */ = {isa = PBXFileReference; fileEncoding = 4; lastKnownFileType = sourcecode.swift; path = DayCell.swift; sourceTree = "<group>"; };
		BAE5131D1EC230BA005846D7 /* CommonUtils.swift */ = {isa = PBXFileReference; fileEncoding = 4; lastKnownFileType = sourcecode.swift; name = CommonUtils.swift; path = Utilities/CommonUtils.swift; sourceTree = "<group>"; };
/* End PBXFileReference section */

/* Begin PBXFrameworksBuildPhase section */
		BA85CCC11EBA4E6A0074784D /* Frameworks */ = {
			isa = PBXFrameworksBuildPhase;
			buildActionMask = 2147483647;
			files = (
			);
			runOnlyForDeploymentPostprocessing = 0;
		};
/* End PBXFrameworksBuildPhase section */

/* Begin PBXGroup section */
		BA85CCBB1EBA4E6A0074784D = {
			isa = PBXGroup;
			children = (
				BA85CCC61EBA4E6A0074784D /* iSwift */,
				BA85CCC51EBA4E6A0074784D /* Products */,
			);
			sourceTree = "<group>";
		};
		BA85CCC51EBA4E6A0074784D /* Products */ = {
			isa = PBXGroup;
			children = (
				BA85CCC41EBA4E6A0074784D /* iSwift.app */,
			);
			name = Products;
			sourceTree = "<group>";
		};
		BA85CCC61EBA4E6A0074784D /* iSwift */ = {
			isa = PBXGroup;
			children = (
				BAE513131EC22D86005846D7 /* Utilities */,
				BAE513121EC22D78005846D7 /* Extensions */,
				BAE513111EC22D52005846D7 /* Plugins */,
				BA85CCC71EBA4E6A0074784D /* AppDelegate.swift */,
				BA85CCCB1EBA4E6A0074784D /* Main.storyboard */,
				BA85CCD01EBA4E6A0074784D /* LaunchScreen.storyboard */,
				BA85CCD31EBA4E6A0074784D /* Info.plist */,
			);
			path = iSwift;
			sourceTree = "<group>";
		};
		BAE513111EC22D52005846D7 /* Plugins */ = {
			isa = PBXGroup;
			children = (
				BAE513161EC23051005846D7 /* ANGCalendar */,
				BAE513141EC22F7C005846D7 /* UICounterControl.swift */,
			);
			name = Plugins;
			sourceTree = "<group>";
		};
		BAE513121EC22D78005846D7 /* Extensions */ = {
			isa = PBXGroup;
			children = (
			);
			name = Extensions;
			sourceTree = "<group>";
		};
		BAE513131EC22D86005846D7 /* Utilities */ = {
			isa = PBXGroup;
			children = (
				BAE5131D1EC230BA005846D7 /* CommonUtils.swift */,
			);
			name = Utilities;
			sourceTree = "<group>";
		};
		BAE513161EC23051005846D7 /* ANGCalendar */ = {
			isa = PBXGroup;
			children = (
				BAE513171EC23051005846D7 /* ANGCalendarView.swift */,
				BAE513181EC23051005846D7 /* Date+Extension.swift */,
				BAE513191EC23051005846D7 /* DayCell.swift */,
			);
			name = ANGCalendar;
			path = Plugins/ANGCalendar;
			sourceTree = "<group>";
		};
/* End PBXGroup section */

/* Begin PBXNativeTarget section */
		BA85CCC31EBA4E6A0074784D /* iSwift */ = {
			isa = PBXNativeTarget;
			buildConfigurationList = BA85CCD61EBA4E6A0074784D /* Build configuration list for PBXNativeTarget "iSwift" */;
			buildPhases = (
				BA85CCC01EBA4E6A0074784D /* Sources */,
				BA85CCC11EBA4E6A0074784D /* Frameworks */,
				BA85CCC21EBA4E6A0074784D /* Resources */,
			);
			buildRules = (
			);
			dependencies = (
			);
			name = iSwift;
			productName = iSwift;
			productReference = BA85CCC41EBA4E6A0074784D /* iSwift.app */;
			productType = "com.apple.product-type.application";
		};
/* End PBXNativeTarget section */

/* Begin PBXProject section */
		BA85CCBC1EBA4E6A0074784D /* Project object */ = {
			isa = PBXProject;
			attributes = {
				LastSwiftUpdateCheck = 0820;
				LastUpgradeCheck = 0820;
				ORGANIZATIONNAME = yantrana;
				TargetAttributes = {
					BA85CCC31EBA4E6A0074784D = {
						CreatedOnToolsVersion = 8.2.1;
						DevelopmentTeam = RDYUM2S4RE;
						ProvisioningStyle = Automatic;
					};
				};
			};
			buildConfigurationList = BA85CCBF1EBA4E6A0074784D /* Build configuration list for PBXProject "iSwift" */;
			compatibilityVersion = "Xcode 3.2";
			developmentRegion = English;
			hasScannedForEncodings = 0;
			knownRegions = (
				en,
				Base,
			);
			mainGroup = BA85CCBB1EBA4E6A0074784D;
			productRefGroup = BA85CCC51EBA4E6A0074784D /* Products */;
			projectDirPath = "";
			projectRoot = "";
			targets = (
				BA85CCC31EBA4E6A0074784D /* iSwift */,
			);
		};
/* End PBXProject section */

/* Begin PBXResourcesBuildPhase section */
		BA85CCC21EBA4E6A0074784D /* Resources */ = {
			isa = PBXResourcesBuildPhase;
			buildActionMask = 2147483647;
			files = (
				BA85CCD21EBA4E6A0074784D /* LaunchScreen.storyboard in Resources */,
				BA85CCCD1EBA4E6A0074784D /* Main.storyboard in Resources */,
			);
			runOnlyForDeploymentPostprocessing = 0;
		};
/* End PBXResourcesBuildPhase section */

/* Begin PBXSourcesBuildPhase section */
		BA85CCC01EBA4E6A0074784D /* Sources */ = {
			isa = PBXSourcesBuildPhase;
			buildActionMask = 2147483647;
			files = (
				BAE513151EC22F7C005846D7 /* UICounterControl.swift in Sources */,
				BAE5131B1EC23051005846D7 /* Date+Extension.swift in Sources */,
				BAE5131C1EC23051005846D7 /* DayCell.swift in Sources */,
				BAE5131A1EC23051005846D7 /* ANGCalendarView.swift in Sources */,
				BAE5131E1EC230BA005846D7 /* CommonUtils.swift in Sources */,
				BA85CCC81EBA4E6A0074784D /* AppDelegate.swift in Sources */,
			);
			runOnlyForDeploymentPostprocessing = 0;
		};
/* End PBXSourcesBuildPhase section */

/* Begin PBXVariantGroup section */
		BA85CCCB1EBA4E6A0074784D /* Main.storyboard */ = {
			isa = PBXVariantGroup;
			children = (
				BA85CCCC1EBA4E6A0074784D /* Base */,
			);
			name = Main.storyboard;
			sourceTree = "<group>";
		};
		BA85CCD01EBA4E6A0074784D /* LaunchScreen.storyboard */ = {
			isa = PBXVariantGroup;
			children = (
				BA85CCD11EBA4E6A0074784D /* Base */,
			);
			name = LaunchScreen.storyboard;
			sourceTree = "<group>";
		};
/* End PBXVariantGroup section */

/* Begin XCBuildConfiguration section */
		BA85CCD41EBA4E6A0074784D /* Debug */ = {
			isa = XCBuildConfiguration;
			buildSettings = {
				ALWAYS_SEARCH_USER_PATHS = NO;
				CLANG_ANALYZER_NONNULL = YES;
				CLANG_CXX_LANGUAGE_STANDARD = "gnu++0x";
				CLANG_CXX_LIBRARY = "libc++";
				CLANG_ENABLE_MODULES = YES;
				CLANG_ENABLE_OBJC_ARC = YES;
				CLANG_WARN_BOOL_CONVERSION = YES;
				CLANG_WARN_CONSTANT_CONVERSION = YES;
				CLANG_WARN_DIRECT_OBJC_ISA_USAGE = YES_ERROR;
				CLANG_WARN_DOCUMENTATION_COMMENTS = YES;
				CLANG_WARN_EMPTY_BODY = YES;
				CLANG_WARN_ENUM_CONVERSION = YES;
				CLANG_WARN_INFINITE_RECURSION = YES;
				CLANG_WARN_INT_CONVERSION = YES;
				CLANG_WARN_OBJC_ROOT_CLASS = YES_ERROR;
				CLANG_WARN_SUSPICIOUS_MOVE = YES;
				CLANG_WARN_UNREACHABLE_CODE = YES;
				CLANG_WARN__DUPLICATE_METHOD_MATCH = YES;
				"CODE_SIGN_IDENTITY[sdk=iphoneos*]" = "iPhone Developer";
				COPY_PHASE_STRIP = NO;
				DEBUG_INFORMATION_FORMAT = dwarf;
				ENABLE_STRICT_OBJC_MSGSEND = YES;
				ENABLE_TESTABILITY = YES;
				GCC_C_LANGUAGE_STANDARD = gnu99;
				GCC_DYNAMIC_NO_PIC = NO;
				GCC_NO_COMMON_BLOCKS = YES;
				GCC_OPTIMIZATION_LEVEL = 0;
				GCC_PREPROCESSOR_DEFINITIONS = (
					"DEBUG=1",
					"$(inherited)",
				);
				GCC_WARN_64_TO_32_BIT_CONVERSION = YES;
				GCC_WARN_ABOUT_RETURN_TYPE = YES_ERROR;
				GCC_WARN_UNDECLARED_SELECTOR = YES;
				GCC_WARN_UNINITIALIZED_AUTOS = YES_AGGRESSIVE;
				GCC_WARN_UNUSED_FUNCTION = YES;
				GCC_WARN_UNUSED_VARIABLE = YES;
				IPHONEOS_DEPLOYMENT_TARGET = 10.2;
				MTL_ENABLE_DEBUG_INFO = YES;
				ONLY_ACTIVE_ARCH = YES;
				SDKROOT = iphoneos;
				SWIFT_ACTIVE_COMPILATION_CONDITIONS = DEBUG;
				SWIFT_OPTIMIZATION_LEVEL = "-Onone";
			};
			name = Debug;
		};
		BA85CCD51EBA4E6A0074784D /* Release */ = {
			isa = XCBuildConfiguration;
			buildSettings = {
				ALWAYS_SEARCH_USER_PATHS = NO;
				CLANG_ANALYZER_NONNULL = YES;
				CLANG_CXX_LANGUAGE_STANDARD = "gnu++0x";
				CLANG_CXX_LIBRARY = "libc++";
				CLANG_ENABLE_MODULES = YES;
				CLANG_ENABLE_OBJC_ARC = YES;
				CLANG_WARN_BOOL_CONVERSION = YES;
				CLANG_WARN_CONSTANT_CONVERSION = YES;
				CLANG_WARN_DIRECT_OBJC_ISA_USAGE = YES_ERROR;
				CLANG_WARN_DOCUMENTATION_COMMENTS = YES;
				CLANG_WARN_EMPTY_BODY = YES;
				CLANG_WARN_ENUM_CONVERSION = YES;
				CLANG_WARN_INFINITE_RECURSION = YES;
				CLANG_WARN_INT_CONVERSION = YES;
				CLANG_WARN_OBJC_ROOT_CLASS = YES_ERROR;
				CLANG_WARN_SUSPICIOUS_MOVE = YES;
				CLANG_WARN_UNREACHABLE_CODE = YES;
				CLANG_WARN__DUPLICATE_METHOD_MATCH = YES;
				"CODE_SIGN_IDENTITY[sdk=iphoneos*]" = "iPhone Developer";
				COPY_PHASE_STRIP = NO;
				DEBUG_INFORMATION_FORMAT = "dwarf-with-dsym";
				ENABLE_NS_ASSERTIONS = NO;
				ENABLE_STRICT_OBJC_MSGSEND = YES;
				GCC_C_LANGUAGE_STANDARD = gnu99;
				GCC_NO_COMMON_BLOCKS = YES;
				GCC_WARN_64_TO_32_BIT_CONVERSION = YES;
				GCC_WARN_ABOUT_RETURN_TYPE = YES_ERROR;
				GCC_WARN_UNDECLARED_SELECTOR = YES;
				GCC_WARN_UNINITIALIZED_AUTOS = YES_AGGRESSIVE;
				GCC_WARN_UNUSED_FUNCTION = YES;
				GCC_WARN_UNUSED_VARIABLE = YES;
				IPHONEOS_DEPLOYMENT_TARGET = 10.2;
				MTL_ENABLE_DEBUG_INFO = NO;
				SDKROOT = iphoneos;
				SWIFT_OPTIMIZATION_LEVEL = "-Owholemodule";
				VALIDATE_PRODUCT = YES;
			};
			name = Release;
		};
		BA85CCD71EBA4E6A0074784D /* Debug */ = {
			isa = XCBuildConfiguration;
			buildSettings = {
				ASSETCATALOG_COMPILER_APPICON_NAME = AppIcon;
				DEVELOPMENT_TEAM = RDYUM2S4RE;
				INFOPLIST_FILE = iSwift/Info.plist;
				LD_RUNPATH_SEARCH_PATHS = "$(inherited) @executable_path/Frameworks";
				PRODUCT_BUNDLE_IDENTIFIER = com.yantrana.iSwift;
				PRODUCT_NAME = "$(TARGET_NAME)";
				SWIFT_VERSION = 3.0;
			};
			name = Debug;
		};
		BA85CCD81EBA4E6A0074784D /* Release */ = {
			isa = XCBuildConfiguration;
			buildSettings = {
				ASSETCATALOG_COMPILER_APPICON_NAME = AppIcon;
				DEVELOPMENT_TEAM = RDYUM2S4RE;
				INFOPLIST_FILE = iSwift/Info.plist;
				LD_RUNPATH_SEARCH_PATHS = "$(inherited) @executable_path/Frameworks";
				PRODUCT_BUNDLE_IDENTIFIER = com.yantrana.iSwift;
				PRODUCT_NAME = "$(TARGET_NAME)";
				SWIFT_VERSION = 3.0;
			};
			name = Release;
		};
/* End XCBuildConfiguration section */

/* Begin XCConfigurationList section */
		BA85CCBF1EBA4E6A0074784D /* Build configuration list for PBXProject "iSwift" */ = {
			isa = XCConfigurationList;
			buildConfigurations = (
				BA85CCD41EBA4E6A0074784D /* Debug */,
				BA85CCD51EBA4E6A0074784D /* Release */,
			);
			defaultConfigurationIsVisible = 0;
			defaultConfigurationName = Release;
		};
		BA85CCD61EBA4E6A0074784D /* Build configuration list for PBXNativeTarget "iSwift" */ = {
			isa = XCConfigurationList;
			buildConfigurations = (
				BA85CCD71EBA4E6A0074784D /* Debug */,
				BA85CCD81EBA4E6A0074784D /* Release */,
			);
			defaultConfigurationIsVisible = 0;
			defaultConfigurationName = Release;
		};
/* End XCConfigurationList section */
	};
	rootObject = BA85CCBC1EBA4E6A0074784D /* Project object */;
}
